Microsoft Visual Studio Solution File, Format Version 12.00
# Visual Studio Version 17
VisualStudioVersion = 17.5.2.0
MinimumVisualStudioVersion = 10.0.40219.1
Project("{FAE04EC0-301F-11D3-BF4B-00C04F79EFBC}") = "Simple-Mcp", "Simple-Mcp.csproj", "{08CE6125-4CC3-87AE-D2D5-ABB203C8C951}"
EndProject
Global
	GlobalSection(SolutionConfigurationPlatforms) = preSolution
		Debug|Any CPU = Debug|Any CPU
		Release|Any CPU = Release|Any CPU
	EndGlobalSection
	GlobalSection(ProjectConfigurationPlatforms) = postSolution
		{08CE6125-4CC3-87AE-D2D5-ABB203C8C951}.Debug|Any CPU.ActiveCfg = Debug|Any CPU
		{08CE6125-4CC3-87AE-D2D5-ABB203C8C951}.Debug|Any CPU.Build.0 = Debug|Any CPU
		{08CE6125-4CC3-87AE-D2D5-ABB203C8C951}.Release|Any CPU.ActiveCfg = Release|Any CPU
		{08CE6125-4CC3-87AE-D2D5-ABB203C8C951}.Release|Any CPU.Build.0 = Release|Any CPU
	EndGlobalSection
	GlobalSection(SolutionProperties) = preSolution
		HideSolutionNode = FALSE
	EndGlobalSection
	GlobalSection(ExtensibilityGlobals) = postSolution
		SolutionGuid = {F75A812B-8777-4D6F-A3C5-BD4C66C45605}
	EndGlobalSection
EndGlobal
